
Microsoft Visual Studio Solution File, Format Version 12.00
# Visual Studio 2015
Project("{FAE04EC0-301F-11D3-BF4B-00C04F79EFBC}") = "UnityDestruction.Plugins", "UnityDestruction.Plugins.csproj", "{090F05B2-8200-B693-A03B-FD4BB27050F7}"
EndProject
Project("{FAE04EC0-301F-11D3-BF4B-00C04F79EFBC}") = "UnityDestruction", "UnityDestruction.csproj", "{1F46AB7D-5CFD-FAF1-E2CC-CB792E9718D3}"
EndProject
Project("{FAE04EC0-301F-11D3-BF4B-00C04F79EFBC}") = "UnityDestruction.Editor", "UnityDestruction.Editor.csproj", "{E1B4449D-2676-F23C-B5D0-20CD2B1A8E04}"
EndProject
Global
	GlobalSection(SolutionConfigurationPlatforms) = preSolution
		Debug|Any CPU = Debug|Any CPU
		Release|Any CPU = Release|Any CPU
	EndGlobalSection
	GlobalSection(ProjectConfigurationPlatforms) = postSolution
		{090F05B2-8200-B693-A03B-FD4BB27050F7}.Debug|Any CPU.ActiveCfg = Debug|Any CPU
		{090F05B2-8200-B693-A03B-FD4BB27050F7}.Debug|Any CPU.Build.0 = Debug|Any CPU
		{090F05B2-8200-B693-A03B-FD4BB27050F7}.Release|Any CPU.ActiveCfg = Release|Any CPU
		{090F05B2-8200-B693-A03B-FD4BB27050F7}.Release|Any CPU.Build.0 = Release|Any CPU
		{1F46AB7D-5CFD-FAF1-E2CC-CB792E9718D3}.Debug|Any CPU.ActiveCfg = Debug|Any CPU
		{1F46AB7D-5CFD-FAF1-E2CC-CB792E9718D3}.Debug|Any CPU.Build.0 = Debug|Any CPU
		{1F46AB7D-5CFD-FAF1-E2CC-CB792E9718D3}.Release|Any CPU.ActiveCfg = Release|Any CPU
		{1F46AB7D-5CFD-FAF1-E2CC-CB792E9718D3}.Release|Any CPU.Build.0 = Release|Any CPU
		{E1B4449D-2676-F23C-B5D0-20CD2B1A8E04}.Debug|Any CPU.ActiveCfg = Debug|Any CPU
		{E1B4449D-2676-F23C-B5D0-20CD2B1A8E04}.Debug|Any CPU.Build.0 = Debug|Any CPU
		{E1B4449D-2676-F23C-B5D0-20CD2B1A8E04}.Release|Any CPU.ActiveCfg = Release|Any CPU
		{E1B4449D-2676-F23C-B5D0-20CD2B1A8E04}.Release|Any CPU.Build.0 = Release|Any CPU
	EndGlobalSection
	GlobalSection(SolutionProperties) = preSolution
		HideSolutionNode = FALSE
	EndGlobalSection
EndGlobal
